
Microsoft Visual Studio Solution File, Format Version 12.00
# Visual Studio Version 16
VisualStudioVersion = 16.0.31729.503
MinimumVisualStudioVersion = 10.0.40219.1
Project("{FAE04EC0-301F-11D3-BF4B-00C04F79EFBC}") = "Matyas_Sebastian_Lab5", "Matyas_Sebastian_Lab5.csproj", "{2CFDF693-E028-4E66-8299-1AA66D49BC6F}"
EndProject
Global
	GlobalSection(SolutionConfigurationPlatforms) = preSolution
		Debug|Any CPU = Debug|Any CPU
		Release|Any CPU = Release|Any CPU
	EndGlobalSection
	GlobalSection(ProjectConfigurationPlatforms) = postSolution
		{2CFDF693-E028-4E66-8299-1AA66D49BC6F}.Debug|Any CPU.ActiveCfg = Debug|Any CPU
		{2CFDF693-E028-4E66-8299-1AA66D49BC6F}.Debug|Any CPU.Build.0 = Debug|Any CPU
		{2CFDF693-E028-4E66-8299-1AA66D49BC6F}.Release|Any CPU.ActiveCfg = Release|Any CPU
		{2CFDF693-E028-4E66-8299-1AA66D49BC6F}.Release|Any CPU.Build.0 = Release|Any CPU
	EndGlobalSection
	GlobalSection(SolutionProperties) = preSolution
		HideSolutionNode = FALSE
	EndGlobalSection
	GlobalSection(ExtensibilityGlobals) = postSolution
		SolutionGuid = {41C61943-36F7-4C7C-A753-0465F407A670}
	EndGlobalSection
EndGlobal
